// !$*UTF8*$!
{
	archiveVersion = 1;
	classes = {
	};
	objectVersion = 46;
	objects = {

/* Begin PBXBuildFile section */
		648177E51CB3D759009ADA8D /* AppDelegate.swift in Sources */ = {isa = PBXBuildFile; fileRef = 648177E41CB3D759009ADA8D /* AppDelegate.swift */; };
		648177E71CB3D759009ADA8D /* MainViewController.swift in Sources */ = {isa = PBXBuildFile; fileRef = 648177E61CB3D759009ADA8D /* MainViewController.swift */; };
		648177EC1CB3D759009ADA8D /* Assets.xcassets in Resources */ = {isa = PBXBuildFile; fileRef = 648177EB1CB3D759009ADA8D /* Assets.xcassets */; };
		648177EF1CB3D759009ADA8D /* LaunchScreen.storyboard in Resources */ = {isa = PBXBuildFile; fileRef = 648177ED1CB3D759009ADA8D /* LaunchScreen.storyboard */; };
		648177FE1CB3D800009ADA8D /* TableViewCell.swift in Sources */ = {isa = PBXBuildFile; fileRef = 648177FD1CB3D800009ADA8D /* TableViewCell.swift */; };
		648178001CB3D82F009ADA8D /* TableViewController.swift in Sources */ = {isa = PBXBuildFile; fileRef = 648177FF1CB3D82F009ADA8D /* TableViewController.swift */; };
		648178051CBB47B0009ADA8D /* NameViewController.swift in Sources */ = {isa = PBXBuildFile; fileRef = 648178041CBB47B0009ADA8D /* NameViewController.swift */; };
/* End PBXBuildFile section */

/* Begin PBXFileReference section */
		648177E11CB3D758009ADA8D /* TableViewController.app */ = {isa = PBXFileReference; explicitFileType = wrapper.application; includeInIndex = 0; path = TableViewController.app; sourceTree = BUILT_PRODUCTS_DIR; };
		648177E41CB3D759009ADA8D /* AppDelegate.swift */ = {isa = PBXFileReference; lastKnownFileType = sourcecode.swift; path = AppDelegate.swift; sourceTree = "<group>"; };
		648177E61CB3D759009ADA8D /* MainViewController.swift */ = {isa = PBXFileReference; lastKnownFileType = sourcecode.swift; path = MainViewController.swift; sourceTree = "<group>"; };
		648177EB1CB3D759009ADA8D /* Assets.xcassets */ = {isa = PBXFileReference; lastKnownFileType = folder.assetcatalog; path = Assets.xcassets; sourceTree = "<group>"; };
		648177EE1CB3D759009ADA8D /* Base */ = {isa = PBXFileReference; lastKnownFileType = file.storyboard; name = Base; path = Base.lproj/LaunchScreen.storyboard; sourceTree = "<group>"; };
		648177F01CB3D759009ADA8D /* Info.plist */ = {isa = PBXFileReference; lastKnownFileType = text.plist.xml; path = Info.plist; sourceTree = "<group>"; };
		648177FD1CB3D800009ADA8D /* TableViewCell.swift */ = {isa = PBXFileReference; fileEncoding = 4; lastKnownFileType = sourcecode.swift; path = TableViewCell.swift; sourceTree = "<group>"; };
		648177FF1CB3D82F009ADA8D /* TableViewController.swift */ = {isa = PBXFileReference; fileEncoding = 4; lastKnownFileType = sourcecode.swift; path = TableViewController.swift; sourceTree = "<group>"; };
		648178041CBB47B0009ADA8D /* NameViewController.swift */ = {isa = PBXFileReference; fileEncoding = 4; lastKnownFileType = sourcecode.swift; path = NameViewController.swift; sourceTree = "<group>"; };
/* End PBXFileReference section */

/* Begin PBXFrameworksBuildPhase section */
		648177DE1CB3D758009ADA8D /* Frameworks */ = {
			isa = PBXFrameworksBuildPhase;
			buildActionMask = 2147483647;
			files = (
			);
			runOnlyForDeploymentPostprocessing = 0;
		};
/* End PBXFrameworksBuildPhase section */

/* Begin PBXGroup section */
		648177D81CB3D758009ADA8D = {
			isa = PBXGroup;
			children = (
				648177E31CB3D758009ADA8D /* TableViewController */,
				648177E21CB3D758009ADA8D /* Products */,
			);
			sourceTree = "<group>";
		};
		648177E21CB3D758009ADA8D /* Products */ = {
			isa = PBXGroup;
			children = (
				648177E11CB3D758009ADA8D /* TableViewController.app */,
			);
			name = Products;
			sourceTree = "<group>";
		};
		648177E31CB3D758009ADA8D /* TableViewController */ = {
			isa = PBXGroup;
			children = (
				648177E41CB3D759009ADA8D /* AppDelegate.swift */,
				648177E61CB3D759009ADA8D /* MainViewController.swift */,
				648178041CBB47B0009ADA8D /* NameViewController.swift */,
				648177FD1CB3D800009ADA8D /* TableViewCell.swift */,
				648177FF1CB3D82F009ADA8D /* TableViewController.swift */,
				648177EB1CB3D759009ADA8D /* Assets.xcassets */,
				648177ED1CB3D759009ADA8D /* LaunchScreen.storyboard */,
				648177F01CB3D759009ADA8D /* Info.plist */,
			);
			path = TableViewController;
			sourceTree = "<group>";
		};
/* End PBXGroup section */

/* Begin PBXNativeTarget section */
		648177E01CB3D758009ADA8D /* TableViewController */ = {
			isa = PBXNativeTarget;
			buildConfigurationList = 648177F31CB3D759009ADA8D /* Build configuration list for PBXNativeTarget "TableViewController" */;
			buildPhases = (
				648177DD1CB3D758009ADA8D /* Sources */,
				648177DE1CB3D758009ADA8D /* Frameworks */,
				648177DF1CB3D758009ADA8D /* Resources */,
			);
			buildRules = (
			);
			dependencies = (
			);
			name = TableViewController;
			productName = TableViewController;
			productReference = 648177E11CB3D758009ADA8D /* TableViewController.app */;
			productType = "com.apple.product-type.application";
		};
/* End PBXNativeTarget section */

/* Begin PBXProject section */
		648177D91CB3D758009ADA8D /* Project object */ = {
			isa = PBXProject;
			attributes = {
				LastSwiftUpdateCheck = 0730;
				LastUpgradeCheck = 0730;
				ORGANIZATIONNAME = "Manuel Lopes";
				TargetAttributes = {
					648177E01CB3D758009ADA8D = {
						CreatedOnToolsVersion = 7.3;
					};
				};
			};
			buildConfigurationList = 648177DC1CB3D758009ADA8D /* Build configuration list for PBXProject "TableViewController" */;
			compatibilityVersion = "Xcode 3.2";
			developmentRegion = English;
			hasScannedForEncodings = 0;
			knownRegions = (
				en,
				Base,
			);
			mainGroup = 648177D81CB3D758009ADA8D;
			productRefGroup = 648177E21CB3D758009ADA8D /* Products */;
			projectDirPath = "";
			projectRoot = "";
			targets = (
				648177E01CB3D758009ADA8D /* TableViewController */,
			);
		};
/* End PBXProject section */

/* Begin PBXResourcesBuildPhase section */
		648177DF1CB3D758009ADA8D /* Resources */ = {
			isa = PBXResourcesBuildPhase;
			buildActionMask = 2147483647;
			files = (
				648177EF1CB3D759009ADA8D /* LaunchScreen.storyboard in Resources */,
				648177EC1CB3D759009ADA8D /* Assets.xcassets in Resources */,
			);
			runOnlyForDeploymentPostprocessing = 0;
		};
/* End PBXResourcesBuildPhase section */

/* Begin PBXSourcesBuildPhase section */
		648177DD1CB3D758009ADA8D /* Sources */ = {
			isa = PBXSourcesBuildPhase;
			buildActionMask = 2147483647;
			files = (
				648177FE1CB3D800009ADA8D /* TableViewCell.swift in Sources */,
				648177E71CB3D759009ADA8D /* MainViewController.swift in Sources */,
				648177E51CB3D759009ADA8D /* AppDelegate.swift in Sources */,
				648178001CB3D82F009ADA8D /* TableViewController.swift in Sources */,
				648178051CBB47B0009ADA8D /* NameViewController.swift in Sources */,
			);
			runOnlyForDeploymentPostprocessing = 0;
		};
/* End PBXSourcesBuildPhase section */

/* Begin PBXVariantGroup section */
		648177ED1CB3D759009ADA8D /* LaunchScreen.storyboard */ = {
			isa = PBXVariantGroup;
			children = (
				648177EE1CB3D759009ADA8D /* Base */,
			);
			name = LaunchScreen.storyboard;
			sourceTree = "<group>";
		};
/* End PBXVariantGroup section */

/* Begin XCBuildConfiguration section */
		648177F11CB3D759009ADA8D /* Debug */ = {
			isa = XCBuildConfiguration;
			buildSettings = {
				ALWAYS_SEARCH_USER_PATHS = NO;
				CLANG_ANALYZER_NONNULL = YES;
				CLANG_CXX_LANGUAGE_STANDARD = "gnu++0x";
				CLANG_CXX_LIBRARY = "libc++";
				CLANG_ENABLE_MODULES = YES;
				CLANG_ENABLE_OBJC_ARC = YES;
				CLANG_WARN_BOOL_CONVERSION = YES;
				CLANG_WARN_CONSTANT_CONVERSION = YES;
				CLANG_WARN_DIRECT_OBJC_ISA_USAGE = YES_ERROR;
				CLANG_WARN_EMPTY_BODY = YES;
				CLANG_WARN_ENUM_CONVERSION = YES;
				CLANG_WARN_INT_CONVERSION = YES;
				CLANG_WARN_OBJC_ROOT_CLASS = YES_ERROR;
				CLANG_WARN_UNREACHABLE_CODE = YES;
				CLANG_WARN__DUPLICATE_METHOD_MATCH = YES;
				"CODE_SIGN_IDENTITY[sdk=iphoneos*]" = "iPhone Developer";
				COPY_PHASE_STRIP = NO;
				DEBUG_INFORMATION_FORMAT = dwarf;
				ENABLE_STRICT_OBJC_MSGSEND = YES;
				ENABLE_TESTABILITY = YES;
				GCC_C_LANGUAGE_STANDARD = gnu99;
				GCC_DYNAMIC_NO_PIC = NO;
				GCC_NO_COMMON_BLOCKS = YES;
				GCC_OPTIMIZATION_LEVEL = 0;
				GCC_PREPROCESSOR_DEFINITIONS = (
					"DEBUG=1",
					"$(inherited)",
				);
				GCC_WARN_64_TO_32_BIT_CONVERSION = YES;
				GCC_WARN_ABOUT_RETURN_TYPE = YES_ERROR;
				GCC_WARN_UNDECLARED_SELECTOR = YES;
				GCC_WARN_UNINITIALIZED_AUTOS = YES_AGGRESSIVE;
				GCC_WARN_UNUSED_FUNCTION = YES;
				GCC_WARN_UNUSED_VARIABLE = YES;
				IPHONEOS_DEPLOYMENT_TARGET = 9.3;
				MTL_ENABLE_DEBUG_INFO = YES;
				ONLY_ACTIVE_ARCH = YES;
				SDKROOT = iphoneos;
				SWIFT_OPTIMIZATION_LEVEL = "-Onone";
				TARGETED_DEVICE_FAMILY = "1,2";
			};
			name = Debug;
		};
		648177F21CB3D759009ADA8D /* Release */ = {
			isa = XCBuildConfiguration;
			buildSettings = {
				ALWAYS_SEARCH_USER_PATHS = NO;
				CLANG_ANALYZER_NONNULL = YES;
				CLANG_CXX_LANGUAGE_STANDARD = "gnu++0x";
				CLANG_CXX_LIBRARY = "libc++";
				CLANG_ENABLE_MODULES = YES;
				CLANG_ENABLE_OBJC_ARC = YES;
				CLANG_WARN_BOOL_CONVERSION = YES;
				CLANG_WARN_CONSTANT_CONVERSION = YES;
				CLANG_WARN_DIRECT_OBJC_ISA_USAGE = YES_ERROR;
				CLANG_WARN_EMPTY_BODY = YES;
				CLANG_WARN_ENUM_CONVERSION = YES;
				CLANG_WARN_INT_CONVERSION = YES;
				CLANG_WARN_OBJC_ROOT_CLASS = YES_ERROR;
				CLANG_WARN_UNREACHABLE_CODE = YES;
				CLANG_WARN__DUPLICATE_METHOD_MATCH = YES;
				"CODE_SIGN_IDENTITY[sdk=iphoneos*]" = "iPhone Developer";
				COPY_PHASE_STRIP = NO;
				DEBUG_INFORMATION_FORMAT = "dwarf-with-dsym";
				ENABLE_NS_ASSERTIONS = NO;
				ENABLE_STRICT_OBJC_MSGSEND = YES;
				GCC_C_LANGUAGE_STANDARD = gnu99;
				GCC_NO_COMMON_BLOCKS = YES;
				GCC_WARN_64_TO_32_BIT_CONVERSION = YES;
				GCC_WARN_ABOUT_RETURN_TYPE = YES_ERROR;
				GCC_WARN_UNDECLARED_SELECTOR = YES;
				GCC_WARN_UNINITIALIZED_AUTOS = YES_AGGRESSIVE;
				GCC_WARN_UNUSED_FUNCTION = YES;
				GCC_WARN_UNUSED_VARIABLE = YES;
				IPHONEOS_DEPLOYMENT_TARGET = 9.3;
				MTL_ENABLE_DEBUG_INFO = NO;
				SDKROOT = iphoneos;
				TARGETED_DEVICE_FAMILY = "1,2";
				VALIDATE_PRODUCT = YES;
			};
			name = Release;
		};
		648177F41CB3D759009ADA8D /* Debug */ = {
			isa = XCBuildConfiguration;
			buildSettings = {
				ASSETCATALOG_COMPILER_APPICON_NAME = AppIcon;
				CODE_SIGN_IDENTITY = "iPhone Developer";
				INFOPLIST_FILE = TableViewController/Info.plist;
				IPHONEOS_DEPLOYMENT_TARGET = 9.0;
				LD_RUNPATH_SEARCH_PATHS = "$(inherited) @executable_path/Frameworks";
				PRODUCT_BUNDLE_IDENTIFIER = swift.TableViewController;
				PRODUCT_NAME = "$(TARGET_NAME)";
			};
			name = Debug;
		};
		648177F51CB3D759009ADA8D /* Release */ = {
			isa = XCBuildConfiguration;
			buildSettings = {
				ASSETCATALOG_COMPILER_APPICON_NAME = AppIcon;
				CODE_SIGN_IDENTITY = "iPhone Developer";
				INFOPLIST_FILE = TableViewController/Info.plist;
				IPHONEOS_DEPLOYMENT_TARGET = 9.0;
				LD_RUNPATH_SEARCH_PATHS = "$(inherited) @executable_path/Frameworks";
				PRODUCT_BUNDLE_IDENTIFIER = swift.TableViewController;
				PRODUCT_NAME = "$(TARGET_NAME)";
			};
			name = Release;
		};
/* End XCBuildConfiguration section */

/* Begin XCConfigurationList section */
		648177DC1CB3D758009ADA8D /* Build configuration list for PBXProject "TableViewController" */ = {
			isa = XCConfigurationList;
			buildConfigurations = (
				648177F11CB3D759009ADA8D /* Debug */,
				648177F21CB3D759009ADA8D /* Release */,
			);
			defaultConfigurationIsVisible = 0;
			defaultConfigurationName = Release;
		};
		648177F31CB3D759009ADA8D /* Build configuration list for PBXNativeTarget "TableViewController" */ = {
			isa = XCConfigurationList;
			buildConfigurations = (
				648177F41CB3D759009ADA8D /* Debug */,
				648177F51CB3D759009ADA8D /* Release */,
			);
			defaultConfigurationIsVisible = 0;
			defaultConfigurationName = Release;
		};
/* End XCConfigurationList section */
	};
	rootObject = 648177D91CB3D758009ADA8D /* Project object */;
}
